// !$*UTF8*$!
{
	archiveVersion = 1;
	classes = {
	};
	objectVersion = 51;
	objects = {

/* Begin PBXBuildFile section */
		1115E7ED9C5C72CB01E156FB /* Pods_FinalApp.framework in Frameworks */ = {isa = PBXBuildFile; fileRef = D737BDCA116901F0D908116E /* Pods_FinalApp.framework */; };
		BA2899F324D3C968008EC394 /* ReportResponse.swift in Sources */ = {isa = PBXBuildFile; fileRef = BA2899F224D3C968008EC394 /* ReportResponse.swift */; };
		BA2899F524D3EB91008EC394 /* NetworkManager.swift in Sources */ = {isa = PBXBuildFile; fileRef = BA2899F424D3EB91008EC394 /* NetworkManager.swift */; };
		BA2FA9E924C529F900BC23DF /* AppDelegate.swift in Sources */ = {isa = PBXBuildFile; fileRef = BA2FA9E824C529F900BC23DF /* AppDelegate.swift */; };
		BA2FA9EB24C529F900BC23DF /* SceneDelegate.swift in Sources */ = {isa = PBXBuildFile; fileRef = BA2FA9EA24C529F900BC23DF /* SceneDelegate.swift */; };
		BA2FA9ED24C529F900BC23DF /* HomeViewController.swift in Sources */ = {isa = PBXBuildFile; fileRef = BA2FA9EC24C529F900BC23DF /* HomeViewController.swift */; };
		BA2FA9F024C529F900BC23DF /* Main.storyboard in Resources */ = {isa = PBXBuildFile; fileRef = BA2FA9EE24C529F900BC23DF /* Main.storyboard */; };
		BA2FA9F224C529FA00BC23DF /* Assets.xcassets in Resources */ = {isa = PBXBuildFile; fileRef = BA2FA9F124C529FA00BC23DF /* Assets.xcassets */; };
		BA2FA9F524C529FA00BC23DF /* LaunchScreen.storyboard in Resources */ = {isa = PBXBuildFile; fileRef = BA2FA9F324C529FA00BC23DF /* LaunchScreen.storyboard */; };
		BA2FAA0224C52D1000BC23DF /* MenuTableViewController.swift in Sources */ = {isa = PBXBuildFile; fileRef = BA2FAA0024C52D1000BC23DF /* MenuTableViewController.swift */; };
		BA2FAA0324C52D1000BC23DF /* MenuTableViewController.xib in Resources */ = {isa = PBXBuildFile; fileRef = BA2FAA0124C52D1000BC23DF /* MenuTableViewController.xib */; };
		BA2FAA0624C52E6300BC23DF /* MenuTableViewCell.swift in Sources */ = {isa = PBXBuildFile; fileRef = BA2FAA0424C52E6300BC23DF /* MenuTableViewCell.swift */; };
		BA2FAA0724C52E6300BC23DF /* MenuTableViewCell.xib in Resources */ = {isa = PBXBuildFile; fileRef = BA2FAA0524C52E6300BC23DF /* MenuTableViewCell.xib */; };
		BA2FAA0B24C53A8D00BC23DF /* Item.swift in Sources */ = {isa = PBXBuildFile; fileRef = BA2FAA0A24C53A8D00BC23DF /* Item.swift */; };
		BA2FAA0F24C53FCB00BC23DF /* ProductManagerViewController.swift in Sources */ = {isa = PBXBuildFile; fileRef = BA2FAA0D24C53FCB00BC23DF /* ProductManagerViewController.swift */; };
		BA2FAA1024C53FCB00BC23DF /* ProductManagerViewController.xib in Resources */ = {isa = PBXBuildFile; fileRef = BA2FAA0E24C53FCB00BC23DF /* ProductManagerViewController.xib */; };
		BA38ECA124C9458C00C4414F /* RequestService.swift in Sources */ = {isa = PBXBuildFile; fileRef = BA38ECA024C9458C00C4414F /* RequestService.swift */; };
		BA38ECA324C94A9F00C4414F /* Router.swift in Sources */ = {isa = PBXBuildFile; fileRef = BA38ECA224C94A9F00C4414F /* Router.swift */; };
		BA38ECA724C9667E00C4414F /* LoginResponse.swift in Sources */ = {isa = PBXBuildFile; fileRef = BA38ECA624C9667E00C4414F /* LoginResponse.swift */; };
		BA3D95D624C5531A00D4BFEA /* ReportViewController.swift in Sources */ = {isa = PBXBuildFile; fileRef = BA3D95D424C5531A00D4BFEA /* ReportViewController.swift */; };
		BA3D95D724C5531A00D4BFEA /* ReportViewController.xib in Resources */ = {isa = PBXBuildFile; fileRef = BA3D95D524C5531A00D4BFEA /* ReportViewController.xib */; };
		BA4EE62224C559C40014F878 /* ProductTableViewCell.swift in Sources */ = {isa = PBXBuildFile; fileRef = BA4EE62024C559C40014F878 /* ProductTableViewCell.swift */; };
		BA4EE62324C559C40014F878 /* ProductTableViewCell.xib in Resources */ = {isa = PBXBuildFile; fileRef = BA4EE62124C559C40014F878 /* ProductTableViewCell.xib */; };
		BA4EE62624C56A470014F878 /* CreateEditProductViewController.swift in Sources */ = {isa = PBXBuildFile; fileRef = BA4EE62424C56A470014F878 /* CreateEditProductViewController.swift */; };
		BA4EE62724C56A470014F878 /* CreateEditProductViewController.xib in Resources */ = {isa = PBXBuildFile; fileRef = BA4EE62524C56A470014F878 /* CreateEditProductViewController.xib */; };
		BA4EE62A24C57B190014F878 /* EmployeeTableViewCell.swift in Sources */ = {isa = PBXBuildFile; fileRef = BA4EE62824C57B190014F878 /* EmployeeTableViewCell.swift */; };
		BA4EE62B24C57B190014F878 /* EmployeeTableViewCell.xib in Resources */ = {isa = PBXBuildFile; fileRef = BA4EE62924C57B190014F878 /* EmployeeTableViewCell.xib */; };
		BA6A152D24C551C500F0CF9D /* SaleManagerViewController.swift in Sources */ = {isa = PBXBuildFile; fileRef = BA6A152B24C551C500F0CF9D /* SaleManagerViewController.swift */; };
		BA6A152E24C551C500F0CF9D /* SaleManagerViewController.xib in Resources */ = {isa = PBXBuildFile; fileRef = BA6A152C24C551C500F0CF9D /* SaleManagerViewController.xib */; };
		BA79DE2124D0189700CC5686 /* CreateEmployee.swift in Sources */ = {isa = PBXBuildFile; fileRef = BA79DE2024D0189700CC5686 /* CreateEmployee.swift */; };
		BA7B8FEF24CE7150005F9511 /* EmployeeResponse.swift in Sources */ = {isa = PBXBuildFile; fileRef = BA7B8FEE24CE7150005F9511 /* EmployeeResponse.swift */; };
		BA7B8FF124CEB5CF005F9511 /* Product.swift in Sources */ = {isa = PBXBuildFile; fileRef = BA7B8FF024CEB5CF005F9511 /* Product.swift */; };
		BA7B8FF324CEE352005F9511 /* Profile.swift in Sources */ = {isa = PBXBuildFile; fileRef = BA7B8FF224CEE352005F9511 /* Profile.swift */; };
		BA7B8FF624CEE38F005F9511 /* Employee.swift in Sources */ = {isa = PBXBuildFile; fileRef = BA7B8FF524CEE38F005F9511 /* Employee.swift */; };
		BA7B8FF824CEE3C8005F9511 /* ProductResponse.swift in Sources */ = {isa = PBXBuildFile; fileRef = BA7B8FF724CEE3C8005F9511 /* ProductResponse.swift */; };
		BA83FB3624C5A9130054B203 /* BadgeViewController.swift in Sources */ = {isa = PBXBuildFile; fileRef = BA83FB3424C5A9130054B203 /* BadgeViewController.swift */; };
		BA83FB3724C5A9130054B203 /* BadgeViewController.xib in Resources */ = {isa = PBXBuildFile; fileRef = BA83FB3524C5A9130054B203 /* BadgeViewController.xib */; };
		BA83FB3A24C5AA5B0054B203 /* BadgeTableViewCell.swift in Sources */ = {isa = PBXBuildFile; fileRef = BA83FB3824C5AA5B0054B203 /* BadgeTableViewCell.swift */; };
		BA83FB3B24C5AA5B0054B203 /* BadgeTableViewCell.xib in Resources */ = {isa = PBXBuildFile; fileRef = BA83FB3924C5AA5B0054B203 /* BadgeTableViewCell.xib */; };
		BA83FB3D24C5B5370054B203 /* LoginViewController.swift in Sources */ = {isa = PBXBuildFile; fileRef = BA83FB3C24C5B5370054B203 /* LoginViewController.swift */; };
		BAA6B80524C5828600F2241F /* CreateEmployeeViewController.swift in Sources */ = {isa = PBXBuildFile; fileRef = BAA6B80324C5828600F2241F /* CreateEmployeeViewController.swift */; };
		BAA6B80624C5828600F2241F /* CreateEmployeeViewController.xib in Resources */ = {isa = PBXBuildFile; fileRef = BAA6B80424C5828600F2241F /* CreateEmployeeViewController.xib */; };
		BAA6B80924C5892500F2241F /* EditEmployeeViewController.swift in Sources */ = {isa = PBXBuildFile; fileRef = BAA6B80724C5892500F2241F /* EditEmployeeViewController.swift */; };
		BAA6B80A24C5892500F2241F /* EditEmployeeViewController.xib in Resources */ = {isa = PBXBuildFile; fileRef = BAA6B80824C5892500F2241F /* EditEmployeeViewController.xib */; };
		BAA6B80D24C5987000F2241F /* SaleCollectionViewCell.swift in Sources */ = {isa = PBXBuildFile; fileRef = BAA6B80B24C5987000F2241F /* SaleCollectionViewCell.swift */; };
		BAA6B80E24C5987000F2241F /* SaleCollectionViewCell.xib in Resources */ = {isa = PBXBuildFile; fileRef = BAA6B80C24C5987000F2241F /* SaleCollectionViewCell.xib */; };
		BADBD74C24C5449B00502FDC /* EmployeeManagementViewController.swift in Sources */ = {isa = PBXBuildFile; fileRef = BADBD74A24C5449B00502FDC /* EmployeeManagementViewController.swift */; };
		BADBD74D24C5449B00502FDC /* EmployeeManagementViewController.xib in Resources */ = {isa = PBXBuildFile; fileRef = BADBD74B24C5449B00502FDC /* EmployeeManagementViewController.xib */; };
		BAEDF04D24D14A2200056669 /* ListProduct.swift in Sources */ = {isa = PBXBuildFile; fileRef = BAEDF04C24D14A2200056669 /* ListProduct.swift */; };
		BAEDF04F24D17F5000056669 /* PostReceiptResponse.swift in Sources */ = {isa = PBXBuildFile; fileRef = BAEDF04E24D17F5000056669 /* PostReceiptResponse.swift */; };
		BAEDF05124D1939A00056669 /* ChangePasswordResponse.swift in Sources */ = {isa = PBXBuildFile; fileRef = BAEDF05024D1939A00056669 /* ChangePasswordResponse.swift */; };
/* End PBXBuildFile section */

/* Begin PBXFileReference section */
		465C4B0636E99EB50A7D1817 /* Pods-FinalApp.debug.xcconfig */ = {isa = PBXFileReference; includeInIndex = 1; lastKnownFileType = text.xcconfig; name = "Pods-FinalApp.debug.xcconfig"; path = "Target Support Files/Pods-FinalApp/Pods-FinalApp.debug.xcconfig"; sourceTree = "<group>"; };
		4B08CEF8FEE18722D9A20930 /* Pods-FinalApp.release.xcconfig */ = {isa = PBXFileReference; includeInIndex = 1; lastKnownFileType = text.xcconfig; name = "Pods-FinalApp.release.xcconfig"; path = "Target Support Files/Pods-FinalApp/Pods-FinalApp.release.xcconfig"; sourceTree = "<group>"; };
		BA2899F224D3C968008EC394 /* ReportResponse.swift */ = {isa = PBXFileReference; lastKnownFileType = sourcecode.swift; path = ReportResponse.swift; sourceTree = "<group>"; };
		BA2899F424D3EB91008EC394 /* NetworkManager.swift */ = {isa = PBXFileReference; lastKnownFileType = sourcecode.swift; path = NetworkManager.swift; sourceTree = "<group>"; };
		BA2FA9E524C529F900BC23DF /* FinalApp.app */ = {isa = PBXFileReference; explicitFileType = wrapper.application; includeInIndex = 0; path = FinalApp.app; sourceTree = BUILT_PRODUCTS_DIR; };
		BA2FA9E824C529F900BC23DF /* AppDelegate.swift */ = {isa = PBXFileReference; lastKnownFileType = sourcecode.swift; path = AppDelegate.swift; sourceTree = "<group>"; };
		BA2FA9EA24C529F900BC23DF /* SceneDelegate.swift */ = {isa = PBXFileReference; lastKnownFileType = sourcecode.swift; path = SceneDelegate.swift; sourceTree = "<group>"; };
		BA2FA9EC24C529F900BC23DF /* HomeViewController.swift */ = {isa = PBXFileReference; lastKnownFileType = sourcecode.swift; path = HomeViewController.swift; sourceTree = "<group>"; };
		BA2FA9EF24C529F900BC23DF /* Base */ = {isa = PBXFileReference; lastKnownFileType = file.storyboard; name = Base; path = Base.lproj/Main.storyboard; sourceTree = "<group>"; };
		BA2FA9F124C529FA00BC23DF /* Assets.xcassets */ = {isa = PBXFileReference; lastKnownFileType = folder.assetcatalog; path = Assets.xcassets; sourceTree = "<group>"; };
		BA2FA9F424C529FA00BC23DF /* Base */ = {isa = PBXFileReference; lastKnownFileType = file.storyboard; name = Base; path = Base.lproj/LaunchScreen.storyboard; sourceTree = "<group>"; };
		BA2FA9F624C529FA00BC23DF /* Info.plist */ = {isa = PBXFileReference; lastKnownFileType = text.plist.xml; path = Info.plist; sourceTree = "<group>"; };
		BA2FAA0024C52D1000BC23DF /* MenuTableViewController.swift */ = {isa = PBXFileReference; lastKnownFileType = sourcecode.swift; path = MenuTableViewController.swift; sourceTree = "<group>"; };
		BA2FAA0124C52D1000BC23DF /* MenuTableViewController.xib */ = {isa = PBXFileReference; lastKnownFileType = file.xib; path = MenuTableViewController.xib; sourceTree = "<group>"; };
		BA2FAA0424C52E6300BC23DF /* MenuTableViewCell.swift */ = {isa = PBXFileReference; lastKnownFileType = sourcecode.swift; path = MenuTableViewCell.swift; sourceTree = "<group>"; };
		BA2FAA0524C52E6300BC23DF /* MenuTableViewCell.xib */ = {isa = PBXFileReference; lastKnownFileType = file.xib; path = MenuTableViewCell.xib; sourceTree = "<group>"; };
		BA2FAA0A24C53A8D00BC23DF /* Item.swift */ = {isa = PBXFileReference; lastKnownFileType = sourcecode.swift; path = Item.swift; sourceTree = "<group>"; };
		BA2FAA0D24C53FCB00BC23DF /* ProductManagerViewController.swift */ = {isa = PBXFileReference; lastKnownFileType = sourcecode.swift; path = ProductManagerViewController.swift; sourceTree = "<group>"; };
		BA2FAA0E24C53FCB00BC23DF /* ProductManagerViewController.xib */ = {isa = PBXFileReference; lastKnownFileType = file.xib; path = ProductManagerViewController.xib; sourceTree = "<group>"; };
		BA38ECA024C9458C00C4414F /* RequestService.swift */ = {isa = PBXFileReference; lastKnownFileType = sourcecode.swift; path = RequestService.swift; sourceTree = "<group>"; };
		BA38ECA224C94A9F00C4414F /* Router.swift */ = {isa = PBXFileReference; lastKnownFileType = sourcecode.swift; path = Router.swift; sourceTree = "<group>"; };
		BA38ECA624C9667E00C4414F /* LoginResponse.swift */ = {isa = PBXFileReference; lastKnownFileType = sourcecode.swift; path = LoginResponse.swift; sourceTree = "<group>"; };
		BA3D95D424C5531A00D4BFEA /* ReportViewController.swift */ = {isa = PBXFileReference; lastKnownFileType = sourcecode.swift; path = ReportViewController.swift; sourceTree = "<group>"; };
		BA3D95D524C5531A00D4BFEA /* ReportViewController.xib */ = {isa = PBXFileReference; lastKnownFileType = file.xib; path = ReportViewController.xib; sourceTree = "<group>"; };
		BA4EE62024C559C40014F878 /* ProductTableViewCell.swift */ = {isa = PBXFileReference; lastKnownFileType = sourcecode.swift; path = ProductTableViewCell.swift; sourceTree = "<group>"; };
		BA4EE62124C559C40014F878 /* ProductTableViewCell.xib */ = {isa = PBXFileReference; lastKnownFileType = file.xib; path = ProductTableViewCell.xib; sourceTree = "<group>"; };
		BA4EE62424C56A470014F878 /* CreateEditProductViewController.swift */ = {isa = PBXFileReference; lastKnownFileType = sourcecode.swift; path = CreateEditProductViewController.swift; sourceTree = "<group>"; };
		BA4EE62524C56A470014F878 /* CreateEditProductViewController.xib */ = {isa = PBXFileReference; lastKnownFileType = file.xib; path = CreateEditProductViewController.xib; sourceTree = "<group>"; };
		BA4EE62824C57B190014F878 /* EmployeeTableViewCell.swift */ = {isa = PBXFileReference; lastKnownFileType = sourcecode.swift; path = EmployeeTableViewCell.swift; sourceTree = "<group>"; };
		BA4EE62924C57B190014F878 /* EmployeeTableViewCell.xib */ = {isa = PBXFileReference; lastKnownFileType = file.xib; path = EmployeeTableViewCell.xib; sourceTree = "<group>"; };
		BA6A152B24C551C500F0CF9D /* SaleManagerViewController.swift */ = {isa = PBXFileReference; lastKnownFileType = sourcecode.swift; path = SaleManagerViewController.swift; sourceTree = "<group>"; };
		BA6A152C24C551C500F0CF9D /* SaleManagerViewController.xib */ = {isa = PBXFileReference; lastKnownFileType = file.xib; path = SaleManagerViewController.xib; sourceTree = "<group>"; };
		BA79DE2024D0189700CC5686 /* CreateEmployee.swift */ = {isa = PBXFileReference; lastKnownFileType = sourcecode.swift; path = CreateEmployee.swift; sourceTree = "<group>"; };
		BA7B8FEE24CE7150005F9511 /* EmployeeResponse.swift */ = {isa = PBXFileReference; lastKnownFileType = sourcecode.swift; path = EmployeeResponse.swift; sourceTree = "<group>"; };
		BA7B8FF024CEB5CF005F9511 /* Product.swift */ = {isa = PBXFileReference; lastKnownFileType = sourcecode.swift; path = Product.swift; sourceTree = "<group>"; };
		BA7B8FF224CEE352005F9511 /* Profile.swift */ = {isa = PBXFileReference; lastKnownFileType = sourcecode.swift; path = Profile.swift; sourceTree = "<group>"; };
		BA7B8FF524CEE38F005F9511 /* Employee.swift */ = {isa = PBXFileReference; lastKnownFileType = sourcecode.swift; path = Employee.swift; sourceTree = "<group>"; };
		BA7B8FF724CEE3C8005F9511 /* ProductResponse.swift */ = {isa = PBXFileReference; lastKnownFileType = sourcecode.swift; path = ProductResponse.swift; sourceTree = "<group>"; };
		BA83FB3424C5A9130054B203 /* BadgeViewController.swift */ = {isa = PBXFileReference; lastKnownFileType = sourcecode.swift; path = BadgeViewController.swift; sourceTree = "<group>"; };
		BA83FB3524C5A9130054B203 /* BadgeViewController.xib */ = {isa = PBXFileReference; lastKnownFileType = file.xib; path = BadgeViewController.xib; sourceTree = "<group>"; };
		BA83FB3824C5AA5B0054B203 /* BadgeTableViewCell.swift */ = {isa = PBXFileReference; lastKnownFileType = sourcecode.swift; path = BadgeTableViewCell.swift; sourceTree = "<group>"; };
		BA83FB3924C5AA5B0054B203 /* BadgeTableViewCell.xib */ = {isa = PBXFileReference; lastKnownFileType = file.xib; path = BadgeTableViewCell.xib; sourceTree = "<group>"; };
		BA83FB3C24C5B5370054B203 /* LoginViewController.swift */ = {isa = PBXFileReference; lastKnownFileType = sourcecode.swift; path = LoginViewController.swift; sourceTree = "<group>"; };
		BAA6B80324C5828600F2241F /* CreateEmployeeViewController.swift */ = {isa = PBXFileReference; lastKnownFileType = sourcecode.swift; path = CreateEmployeeViewController.swift; sourceTree = "<group>"; };
		BAA6B80424C5828600F2241F /* CreateEmployeeViewController.xib */ = {isa = PBXFileReference; lastKnownFileType = file.xib; path = CreateEmployeeViewController.xib; sourceTree = "<group>"; };
		BAA6B80724C5892500F2241F /* EditEmployeeViewController.swift */ = {isa = PBXFileReference; lastKnownFileType = sourcecode.swift; path = EditEmployeeViewController.swift; sourceTree = "<group>"; };
		BAA6B80824C5892500F2241F /* EditEmployeeViewController.xib */ = {isa = PBXFileReference; lastKnownFileType = file.xib; path = EditEmployeeViewController.xib; sourceTree = "<group>"; };
		BAA6B80B24C5987000F2241F /* SaleCollectionViewCell.swift */ = {isa = PBXFileReference; lastKnownFileType = sourcecode.swift; path = SaleCollectionViewCell.swift; sourceTree = "<group>"; };
		BAA6B80C24C5987000F2241F /* SaleCollectionViewCell.xib */ = {isa = PBXFileReference; lastKnownFileType = file.xib; path = SaleCollectionViewCell.xib; sourceTree = "<group>"; };
		BADBD74A24C5449B00502FDC /* EmployeeManagementViewController.swift */ = {isa = PBXFileReference; lastKnownFileType = sourcecode.swift; path = EmployeeManagementViewController.swift; sourceTree = "<group>"; };
		BADBD74B24C5449B00502FDC /* EmployeeManagementViewController.xib */ = {isa = PBXFileReference; lastKnownFileType = file.xib; path = EmployeeManagementViewController.xib; sourceTree = "<group>"; };
		BAEDF04C24D14A2200056669 /* ListProduct.swift */ = {isa = PBXFileReference; lastKnownFileType = sourcecode.swift; path = ListProduct.swift; sourceTree = "<group>"; };
		BAEDF04E24D17F5000056669 /* PostReceiptResponse.swift */ = {isa = PBXFileReference; lastKnownFileType = sourcecode.swift; path = PostReceiptResponse.swift; sourceTree = "<group>"; };
		BAEDF05024D1939A00056669 /* ChangePasswordResponse.swift */ = {isa = PBXFileReference; lastKnownFileType = sourcecode.swift; path = ChangePasswordResponse.swift; sourceTree = "<group>"; };
		D737BDCA116901F0D908116E /* Pods_FinalApp.framework */ = {isa = PBXFileReference; explicitFileType = wrapper.framework; includeInIndex = 0; path = Pods_FinalApp.framework; sourceTree = BUILT_PRODUCTS_DIR; };
/* End PBXFileReference section */

/* Begin PBXFrameworksBuildPhase section */
		BA2FA9E224C529F900BC23DF /* Frameworks */ = {
			isa = PBXFrameworksBuildPhase;
			buildActionMask = 2147483647;
			files = (
				1115E7ED9C5C72CB01E156FB /* Pods_FinalApp.framework in Frameworks */,
			);
			runOnlyForDeploymentPostprocessing = 0;
		};
/* End PBXFrameworksBuildPhase section */

/* Begin PBXGroup section */
		69638DC4270C0B37B56F7148 /* Frameworks */ = {
			isa = PBXGroup;
			children = (
				D737BDCA116901F0D908116E /* Pods_FinalApp.framework */,
			);
			name = Frameworks;
			sourceTree = "<group>";
		};
		7985C9785B0A296EF16FF25A /* Pods */ = {
			isa = PBXGroup;
			children = (
				465C4B0636E99EB50A7D1817 /* Pods-FinalApp.debug.xcconfig */,
				4B08CEF8FEE18722D9A20930 /* Pods-FinalApp.release.xcconfig */,
			);
			path = Pods;
			sourceTree = "<group>";
		};
		BA2FA9DC24C529F900BC23DF = {
			isa = PBXGroup;
			children = (
				BA2FA9E724C529F900BC23DF /* FinalApp */,
				BA2FA9E624C529F900BC23DF /* Products */,
				7985C9785B0A296EF16FF25A /* Pods */,
				69638DC4270C0B37B56F7148 /* Frameworks */,
			);
			sourceTree = "<group>";
		};
		BA2FA9E624C529F900BC23DF /* Products */ = {
			isa = PBXGroup;
			children = (
				BA2FA9E524C529F900BC23DF /* FinalApp.app */,
			);
			name = Products;
			sourceTree = "<group>";
		};
		BA2FA9E724C529F900BC23DF /* FinalApp */ = {
			isa = PBXGroup;
			children = (
				BA2FA9E824C529F900BC23DF /* AppDelegate.swift */,
				BA2FA9EA24C529F900BC23DF /* SceneDelegate.swift */,
				BA2FA9EE24C529F900BC23DF /* Main.storyboard */,
				BA2FA9F624C529FA00BC23DF /* Info.plist */,
				BA7B8FFC24CEE503005F9511 /* Supporting File */,
				BA531C1524C84DC900F80178 /* Networking */,
				BA531C1224C7EFEE00F80178 /* Model */,
				BA2FAA0C24C53F5900BC23DF /* SideMenu */,
				BA7B8FFA24CEE4D7005F9511 /* Home */,
				BA7B8FFB24CEE4DF005F9511 /* Login */,
				BA2FAA1124C5408900BC23DF /* Product */,
				BADBD74E24C544A200502FDC /* Employee */,
				BA6A152F24C551C800F0CF9D /* Sale */,
				BA3D95D824C5531E00D4BFEA /* Report */,
			);
			path = FinalApp;
			sourceTree = "<group>";
		};
		BA2FAA0C24C53F5900BC23DF /* SideMenu */ = {
			isa = PBXGroup;
			children = (
				BA2FAA0024C52D1000BC23DF /* MenuTableViewController.swift */,
				BA2FAA0124C52D1000BC23DF /* MenuTableViewController.xib */,
				BA2FAA0424C52E6300BC23DF /* MenuTableViewCell.swift */,
				BA2FAA0524C52E6300BC23DF /* MenuTableViewCell.xib */,
				BA2FAA0A24C53A8D00BC23DF /* Item.swift */,
			);
			path = SideMenu;
			sourceTree = "<group>";
		};
		BA2FAA1124C5408900BC23DF /* Product */ = {
			isa = PBXGroup;
			children = (
				BA2FAA0D24C53FCB00BC23DF /* ProductManagerViewController.swift */,
				BA2FAA0E24C53FCB00BC23DF /* ProductManagerViewController.xib */,
				BA4EE62024C559C40014F878 /* ProductTableViewCell.swift */,
				BA4EE62124C559C40014F878 /* ProductTableViewCell.xib */,
				BA4EE62424C56A470014F878 /* CreateEditProductViewController.swift */,
				BA4EE62524C56A470014F878 /* CreateEditProductViewController.xib */,
			);
			path = Product;
			sourceTree = "<group>";
		};
		BA3D95D824C5531E00D4BFEA /* Report */ = {
			isa = PBXGroup;
			children = (
				BA3D95D424C5531A00D4BFEA /* ReportViewController.swift */,
				BA3D95D524C5531A00D4BFEA /* ReportViewController.xib */,
			);
			path = Report;
			sourceTree = "<group>";
		};
		BA531C1224C7EFEE00F80178 /* Model */ = {
			isa = PBXGroup;
			children = (
				BA7B8FF424CEE370005F9511 /* APIResponse */,
				BA7B8FF924CEE3F0005F9511 /* Model */,
			);
			path = Model;
			sourceTree = "<group>";
		};
		BA531C1524C84DC900F80178 /* Networking */ = {
			isa = PBXGroup;
			children = (
				BA38ECA024C9458C00C4414F /* RequestService.swift */,
				BA38ECA224C94A9F00C4414F /* Router.swift */,
				BA2899F424D3EB91008EC394 /* NetworkManager.swift */,
			);
			path = Networking;
			sourceTree = "<group>";
		};
		BA6A152F24C551C800F0CF9D /* Sale */ = {
			isa = PBXGroup;
			children = (
				BA6A152B24C551C500F0CF9D /* SaleManagerViewController.swift */,
				BA6A152C24C551C500F0CF9D /* SaleManagerViewController.xib */,
				BAA6B80B24C5987000F2241F /* SaleCollectionViewCell.swift */,
				BAA6B80C24C5987000F2241F /* SaleCollectionViewCell.xib */,
				BA83FB3424C5A9130054B203 /* BadgeViewController.swift */,
				BA83FB3524C5A9130054B203 /* BadgeViewController.xib */,
				BA83FB3824C5AA5B0054B203 /* BadgeTableViewCell.swift */,
				BA83FB3924C5AA5B0054B203 /* BadgeTableViewCell.xib */,
			);
			path = Sale;
			sourceTree = "<group>";
		};
		BA7B8FF424CEE370005F9511 /* APIResponse */ = {
			isa = PBXGroup;
			children = (
				BA38ECA624C9667E00C4414F /* LoginResponse.swift */,
				BA7B8FEE24CE7150005F9511 /* EmployeeResponse.swift */,
				BA7B8FF724CEE3C8005F9511 /* ProductResponse.swift */,
				BA79DE2024D0189700CC5686 /* CreateEmployee.swift */,
				BAEDF04E24D17F5000056669 /* PostReceiptResponse.swift */,
				BAEDF05024D1939A00056669 /* ChangePasswordResponse.swift */,
				BA2899F224D3C968008EC394 /* ReportResponse.swift */,
			);
			path = APIResponse;
			sourceTree = "<group>";
		};
		BA7B8FF924CEE3F0005F9511 /* Model */ = {
			isa = PBXGroup;
			children = (
				BA7B8FF224CEE352005F9511 /* Profile.swift */,
				BA7B8FF024CEB5CF005F9511 /* Product.swift */,
				BA7B8FF524CEE38F005F9511 /* Employee.swift */,
				BAEDF04C24D14A2200056669 /* ListProduct.swift */,
			);
			path = Model;
			sourceTree = "<group>";
		};
		BA7B8FFA24CEE4D7005F9511 /* Home */ = {
			isa = PBXGroup;
			children = (
				BA2FA9EC24C529F900BC23DF /* HomeViewController.swift */,
			);
			path = Home;
			sourceTree = "<group>";
		};
		BA7B8FFB24CEE4DF005F9511 /* Login */ = {
			isa = PBXGroup;
			children = (
				BA83FB3C24C5B5370054B203 /* LoginViewController.swift */,
			);
			path = Login;
			sourceTree = "<group>";
		};
		BA7B8FFC24CEE503005F9511 /* Supporting File */ = {
			isa = PBXGroup;
			children = (
				BA2FA9F124C529FA00BC23DF /* Assets.xcassets */,
				BA2FA9F324C529FA00BC23DF /* LaunchScreen.storyboard */,
			);
			path = "Supporting File";
			sourceTree = "<group>";
		};
		BADBD74E24C544A200502FDC /* Employee */ = {
			isa = PBXGroup;
			children = (
				BADBD74A24C5449B00502FDC /* EmployeeManagementViewController.swift */,
				BADBD74B24C5449B00502FDC /* EmployeeManagementViewController.xib */,
				BA4EE62824C57B190014F878 /* EmployeeTableViewCell.swift */,
				BA4EE62924C57B190014F878 /* EmployeeTableViewCell.xib */,
				BAA6B80324C5828600F2241F /* CreateEmployeeViewController.swift */,
				BAA6B80424C5828600F2241F /* CreateEmployeeViewController.xib */,
				BAA6B80724C5892500F2241F /* EditEmployeeViewController.swift */,
				BAA6B80824C5892500F2241F /* EditEmployeeViewController.xib */,
			);
			path = Employee;
			sourceTree = "<group>";
		};
/* End PBXGroup section */

/* Begin PBXNativeTarget section */
		BA2FA9E424C529F900BC23DF /* FinalApp */ = {
			isa = PBXNativeTarget;
			buildConfigurationList = BA2FA9F924C529FA00BC23DF /* Build configuration list for PBXNativeTarget "FinalApp" */;
			buildPhases = (
				DE0BEB2411024142747FC33D /* [CP] Check Pods Manifest.lock */,
				BA2FA9E124C529F900BC23DF /* Sources */,
				BA2FA9E224C529F900BC23DF /* Frameworks */,
				BA2FA9E324C529F900BC23DF /* Resources */,
				E0386BBA1FC8D22BF27418A6 /* [CP] Embed Pods Frameworks */,
			);
			buildRules = (
			);
			dependencies = (
			);
			name = FinalApp;
			productName = FinalApp;
			productReference = BA2FA9E524C529F900BC23DF /* FinalApp.app */;
			productType = "com.apple.product-type.application";
		};
/* End PBXNativeTarget section */

/* Begin PBXProject section */
		BA2FA9DD24C529F900BC23DF /* Project object */ = {
			isa = PBXProject;
			attributes = {
				LastSwiftUpdateCheck = 1150;
				LastUpgradeCheck = 1150;
				ORGANIZATIONNAME = TPS;
				TargetAttributes = {
					BA2FA9E424C529F900BC23DF = {
						CreatedOnToolsVersion = 11.5;
					};
				};
			};
			buildConfigurationList = BA2FA9E024C529F900BC23DF /* Build configuration list for PBXProject "FinalApp" */;
			compatibilityVersion = "Xcode 9.3";
			developmentRegion = en;
			hasScannedForEncodings = 0;
			knownRegions = (
				en,
				Base,
			);
			mainGroup = BA2FA9DC24C529F900BC23DF;
			productRefGroup = BA2FA9E624C529F900BC23DF /* Products */;
			projectDirPath = "";
			projectRoot = "";
			targets = (
				BA2FA9E424C529F900BC23DF /* FinalApp */,
			);
		};
/* End PBXProject section */

/* Begin PBXResourcesBuildPhase section */
		BA2FA9E324C529F900BC23DF /* Resources */ = {
			isa = PBXResourcesBuildPhase;
			buildActionMask = 2147483647;
			files = (
				BA2FAA1024C53FCB00BC23DF /* ProductManagerViewController.xib in Resources */,
				BAA6B80624C5828600F2241F /* CreateEmployeeViewController.xib in Resources */,
				BAA6B80A24C5892500F2241F /* EditEmployeeViewController.xib in Resources */,
				BADBD74D24C5449B00502FDC /* EmployeeManagementViewController.xib in Resources */,
				BA83FB3B24C5AA5B0054B203 /* BadgeTableViewCell.xib in Resources */,
				BA2FAA0324C52D1000BC23DF /* MenuTableViewController.xib in Resources */,
				BA2FA9F524C529FA00BC23DF /* LaunchScreen.storyboard in Resources */,
				BA2FA9F224C529FA00BC23DF /* Assets.xcassets in Resources */,
				BA6A152E24C551C500F0CF9D /* SaleManagerViewController.xib in Resources */,
				BA2FAA0724C52E6300BC23DF /* MenuTableViewCell.xib in Resources */,
				BA4EE62324C559C40014F878 /* ProductTableViewCell.xib in Resources */,
				BA83FB3724C5A9130054B203 /* BadgeViewController.xib in Resources */,
				BA2FA9F024C529F900BC23DF /* Main.storyboard in Resources */,
				BAA6B80E24C5987000F2241F /* SaleCollectionViewCell.xib in Resources */,
				BA4EE62B24C57B190014F878 /* EmployeeTableViewCell.xib in Resources */,
				BA4EE62724C56A470014F878 /* CreateEditProductViewController.xib in Resources */,
				BA3D95D724C5531A00D4BFEA /* ReportViewController.xib in Resources */,
			);
			runOnlyForDeploymentPostprocessing = 0;
		};
/* End PBXResourcesBuildPhase section */

/* Begin PBXShellScriptBuildPhase section */
		DE0BEB2411024142747FC33D /* [CP] Check Pods Manifest.lock */ = {
			isa = PBXShellScriptBuildPhase;
			buildActionMask = 2147483647;
			files = (
			);
			inputFileListPaths = (
			);
			inputPaths = (
				"${PODS_PODFILE_DIR_PATH}/Podfile.lock",
				"${PODS_ROOT}/Manifest.lock",
			);
			name = "[CP] Check Pods Manifest.lock";
			outputFileListPaths = (
			);
			outputPaths = (
				"$(DERIVED_FILE_DIR)/Pods-FinalApp-checkManifestLockResult.txt",
			);
			runOnlyForDeploymentPostprocessing = 0;
			shellPath = /bin/sh;
			shellScript = "diff \"${PODS_PODFILE_DIR_PATH}/Podfile.lock\" \"${PODS_ROOT}/Manifest.lock\" > /dev/null\nif [ $? != 0 ] ; then\n    # print error to STDERR\n    echo \"error: The sandbox is not in sync with the Podfile.lock. Run 'pod install' or update your CocoaPods installation.\" >&2\n    exit 1\nfi\n# This output is used by Xcode 'outputs' to avoid re-running this script phase.\necho \"SUCCESS\" > \"${SCRIPT_OUTPUT_FILE_0}\"\n";
			showEnvVarsInLog = 0;
		};
		E0386BBA1FC8D22BF27418A6 /* [CP] Embed Pods Frameworks */ = {
			isa = PBXShellScriptBuildPhase;
			buildActionMask = 2147483647;
			files = (
			);
			inputFileListPaths = (
				"${PODS_ROOT}/Target Support Files/Pods-FinalApp/Pods-FinalApp-frameworks-${CONFIGURATION}-input-files.xcfilelist",
			);
			name = "[CP] Embed Pods Frameworks";
			outputFileListPaths = (
				"${PODS_ROOT}/Target Support Files/Pods-FinalApp/Pods-FinalApp-frameworks-${CONFIGURATION}-output-files.xcfilelist",
			);
			runOnlyForDeploymentPostprocessing = 0;
			shellPath = /bin/sh;
			shellScript = "\"${PODS_ROOT}/Target Support Files/Pods-FinalApp/Pods-FinalApp-frameworks.sh\"\n";
			showEnvVarsInLog = 0;
		};
/* End PBXShellScriptBuildPhase section */

/* Begin PBXSourcesBuildPhase section */
		BA2FA9E124C529F900BC23DF /* Sources */ = {
			isa = PBXSourcesBuildPhase;
			buildActionMask = 2147483647;
			files = (
				BA38ECA324C94A9F00C4414F /* Router.swift in Sources */,
				BA7B8FEF24CE7150005F9511 /* EmployeeResponse.swift in Sources */,
				BA2FAA0224C52D1000BC23DF /* MenuTableViewController.swift in Sources */,
				BA2FA9ED24C529F900BC23DF /* HomeViewController.swift in Sources */,
				BAA6B80524C5828600F2241F /* CreateEmployeeViewController.swift in Sources */,
				BAA6B80D24C5987000F2241F /* SaleCollectionViewCell.swift in Sources */,
				BA83FB3D24C5B5370054B203 /* LoginViewController.swift in Sources */,
				BA79DE2124D0189700CC5686 /* CreateEmployee.swift in Sources */,
				BA83FB3624C5A9130054B203 /* BadgeViewController.swift in Sources */,
				BA2FA9E924C529F900BC23DF /* AppDelegate.swift in Sources */,
				BA7B8FF624CEE38F005F9511 /* Employee.swift in Sources */,
				BAEDF05124D1939A00056669 /* ChangePasswordResponse.swift in Sources */,
				BA38ECA124C9458C00C4414F /* RequestService.swift in Sources */,
				BA2FAA0F24C53FCB00BC23DF /* ProductManagerViewController.swift in Sources */,
				BA2FA9EB24C529F900BC23DF /* SceneDelegate.swift in Sources */,
				BA2899F524D3EB91008EC394 /* NetworkManager.swift in Sources */,
				BAA6B80924C5892500F2241F /* EditEmployeeViewController.swift in Sources */,
				BADBD74C24C5449B00502FDC /* EmployeeManagementViewController.swift in Sources */,
				BA7B8FF824CEE3C8005F9511 /* ProductResponse.swift in Sources */,
				BA4EE62624C56A470014F878 /* CreateEditProductViewController.swift in Sources */,
				BA38ECA724C9667E00C4414F /* LoginResponse.swift in Sources */,
				BA7B8FF324CEE352005F9511 /* Profile.swift in Sources */,
				BA2FAA0B24C53A8D00BC23DF /* Item.swift in Sources */,
				BA7B8FF124CEB5CF005F9511 /* Product.swift in Sources */,
				BA4EE62224C559C40014F878 /* ProductTableViewCell.swift in Sources */,
				BA83FB3A24C5AA5B0054B203 /* BadgeTableViewCell.swift in Sources */,
				BAEDF04D24D14A2200056669 /* ListProduct.swift in Sources */,
				BA2899F324D3C968008EC394 /* ReportResponse.swift in Sources */,
				BA6A152D24C551C500F0CF9D /* SaleManagerViewController.swift in Sources */,
				BA3D95D624C5531A00D4BFEA /* ReportViewController.swift in Sources */,
				BAEDF04F24D17F5000056669 /* PostReceiptResponse.swift in Sources */,
				BA4EE62A24C57B190014F878 /* EmployeeTableViewCell.swift in Sources */,
				BA2FAA0624C52E6300BC23DF /* MenuTableViewCell.swift in Sources */,
			);
			runOnlyForDeploymentPostprocessing = 0;
		};
/* End PBXSourcesBuildPhase section */

/* Begin PBXVariantGroup section */
		BA2FA9EE24C529F900BC23DF /* Main.storyboard */ = {
			isa = PBXVariantGroup;
			children = (
				BA2FA9EF24C529F900BC23DF /* Base */,
			);
			name = Main.storyboard;
			sourceTree = "<group>";
		};
		BA2FA9F324C529FA00BC23DF /* LaunchScreen.storyboard */ = {
			isa = PBXVariantGroup;
			children = (
				BA2FA9F424C529FA00BC23DF /* Base */,
			);
			name = LaunchScreen.storyboard;
			sourceTree = "<group>";
		};
/* End PBXVariantGroup section */

/* Begin XCBuildConfiguration section */
		BA2FA9F724C529FA00BC23DF /* Debug */ = {
			isa = XCBuildConfiguration;
			buildSettings = {
				ALWAYS_SEARCH_USER_PATHS = NO;
				CLANG_ANALYZER_NONNULL = YES;
				CLANG_ANALYZER_NUMBER_OBJECT_CONVERSION = YES_AGGRESSIVE;
				CLANG_CXX_LANGUAGE_STANDARD = "gnu++14";
				CLANG_CXX_LIBRARY = "libc++";
				CLANG_ENABLE_MODULES = YES;
				CLANG_ENABLE_OBJC_ARC = YES;
				CLANG_ENABLE_OBJC_WEAK = YES;
				CLANG_WARN_BLOCK_CAPTURE_AUTORELEASING = YES;
				CLANG_WARN_BOOL_CONVERSION = YES;
				CLANG_WARN_COMMA = YES;
				CLANG_WARN_CONSTANT_CONVERSION = YES;
				CLANG_WARN_DEPRECATED_OBJC_IMPLEMENTATIONS = YES;
				CLANG_WARN_DIRECT_OBJC_ISA_USAGE = YES_ERROR;
				CLANG_WARN_DOCUMENTATION_COMMENTS = YES;
				CLANG_WARN_EMPTY_BODY = YES;
				CLANG_WARN_ENUM_CONVERSION = YES;
				CLANG_WARN_INFINITE_RECURSION = YES;
				CLANG_WARN_INT_CONVERSION = YES;
				CLANG_WARN_NON_LITERAL_NULL_CONVERSION = YES;
				CLANG_WARN_OBJC_IMPLICIT_RETAIN_SELF = YES;
				CLANG_WARN_OBJC_LITERAL_CONVERSION = YES;
				CLANG_WARN_OBJC_ROOT_CLASS = YES_ERROR;
				CLANG_WARN_RANGE_LOOP_ANALYSIS = YES;
				CLANG_WARN_STRICT_PROTOTYPES = YES;
				CLANG_WARN_SUSPICIOUS_MOVE = YES;
				CLANG_WARN_UNGUARDED_AVAILABILITY = YES_AGGRESSIVE;
				CLANG_WARN_UNREACHABLE_CODE = YES;
				CLANG_WARN__DUPLICATE_METHOD_MATCH = YES;
				COPY_PHASE_STRIP = NO;
				DEBUG_INFORMATION_FORMAT = dwarf;
				ENABLE_STRICT_OBJC_MSGSEND = YES;
				ENABLE_TESTABILITY = YES;
				GCC_C_LANGUAGE_STANDARD = gnu11;
				GCC_DYNAMIC_NO_PIC = NO;
				GCC_NO_COMMON_BLOCKS = YES;
				GCC_OPTIMIZATION_LEVEL = 0;
				GCC_PREPROCESSOR_DEFINITIONS = (
					"DEBUG=1",
					"$(inherited)",
				);
				GCC_WARN_64_TO_32_BIT_CONVERSION = YES;
				GCC_WARN_ABOUT_RETURN_TYPE = YES_ERROR;
				GCC_WARN_UNDECLARED_SELECTOR = YES;
				GCC_WARN_UNINITIALIZED_AUTOS = YES_AGGRESSIVE;
				GCC_WARN_UNUSED_FUNCTION = YES;
				GCC_WARN_UNUSED_VARIABLE = YES;
				IPHONEOS_DEPLOYMENT_TARGET = 13.5;
				MTL_ENABLE_DEBUG_INFO = INCLUDE_SOURCE;
				MTL_FAST_MATH = YES;
				ONLY_ACTIVE_ARCH = YES;
				SDKROOT = iphoneos;
				SWIFT_ACTIVE_COMPILATION_CONDITIONS = DEBUG;
				SWIFT_OPTIMIZATION_LEVEL = "-Onone";
			};
			name = Debug;
		};
		BA2FA9F824C529FA00BC23DF /* Release */ = {
			isa = XCBuildConfiguration;
			buildSettings = {
				ALWAYS_SEARCH_USER_PATHS = NO;
				CLANG_ANALYZER_NONNULL = YES;
				CLANG_ANALYZER_NUMBER_OBJECT_CONVERSION = YES_AGGRESSIVE;
				CLANG_CXX_LANGUAGE_STANDARD = "gnu++14";
				CLANG_CXX_LIBRARY = "libc++";
				CLANG_ENABLE_MODULES = YES;
				CLANG_ENABLE_OBJC_ARC = YES;
				CLANG_ENABLE_OBJC_WEAK = YES;
				CLANG_WARN_BLOCK_CAPTURE_AUTORELEASING = YES;
				CLANG_WARN_BOOL_CONVERSION = YES;
				CLANG_WARN_COMMA = YES;
				CLANG_WARN_CONSTANT_CONVERSION = YES;
				CLANG_WARN_DEPRECATED_OBJC_IMPLEMENTATIONS = YES;
				CLANG_WARN_DIRECT_OBJC_ISA_USAGE = YES_ERROR;
				CLANG_WARN_DOCUMENTATION_COMMENTS = YES;
				CLANG_WARN_EMPTY_BODY = YES;
				CLANG_WARN_ENUM_CONVERSION = YES;
				CLANG_WARN_INFINITE_RECURSION = YES;
				CLANG_WARN_INT_CONVERSION = YES;
				CLANG_WARN_NON_LITERAL_NULL_CONVERSION = YES;
				CLANG_WARN_OBJC_IMPLICIT_RETAIN_SELF = YES;
				CLANG_WARN_OBJC_LITERAL_CONVERSION = YES;
				CLANG_WARN_OBJC_ROOT_CLASS = YES_ERROR;
				CLANG_WARN_RANGE_LOOP_ANALYSIS = YES;
				CLANG_WARN_STRICT_PROTOTYPES = YES;
				CLANG_WARN_SUSPICIOUS_MOVE = YES;
				CLANG_WARN_UNGUARDED_AVAILABILITY = YES_AGGRESSIVE;
				CLANG_WARN_UNREACHABLE_CODE = YES;
				CLANG_WARN__DUPLICATE_METHOD_MATCH = YES;
				COPY_PHASE_STRIP = NO;
				DEBUG_INFORMATION_FORMAT = "dwarf-with-dsym";
				ENABLE_NS_ASSERTIONS = NO;
				ENABLE_STRICT_OBJC_MSGSEND = YES;
				GCC_C_LANGUAGE_STANDARD = gnu11;
				GCC_NO_COMMON_BLOCKS = YES;
				GCC_WARN_64_TO_32_BIT_CONVERSION = YES;
				GCC_WARN_ABOUT_RETURN_TYPE = YES_ERROR;
				GCC_WARN_UNDECLARED_SELECTOR = YES;
				GCC_WARN_UNINITIALIZED_AUTOS = YES_AGGRESSIVE;
				GCC_WARN_UNUSED_FUNCTION = YES;
				GCC_WARN_UNUSED_VARIABLE = YES;
				IPHONEOS_DEPLOYMENT_TARGET = 13.5;
				MTL_ENABLE_DEBUG_INFO = NO;
				MTL_FAST_MATH = YES;
				SDKROOT = iphoneos;
				SWIFT_COMPILATION_MODE = wholemodule;
				SWIFT_OPTIMIZATION_LEVEL = "-O";
				VALIDATE_PRODUCT = YES;
			};
			name = Release;
		};
		BA2FA9FA24C529FA00BC23DF /* Debug */ = {
			isa = XCBuildConfiguration;
			baseConfigurationReference = 465C4B0636E99EB50A7D1817 /* Pods-FinalApp.debug.xcconfig */;
			buildSettings = {
				ASSETCATALOG_COMPILER_APPICON_NAME = AppIcon;
				CODE_SIGN_STYLE = Automatic;
				DEVELOPMENT_TEAM = XNFGCQVLAN;
				INFOPLIST_FILE = FinalApp/Info.plist;
				LD_RUNPATH_SEARCH_PATHS = (
					"$(inherited)",
					"@executable_path/Frameworks",
				);
				PRODUCT_BUNDLE_IDENTIFIER = com.tps.FinalApp;
				PRODUCT_NAME = "$(TARGET_NAME)";
				SWIFT_VERSION = 5.0;
				TARGETED_DEVICE_FAMILY = "1,2";
			};
			name = Debug;
		};
		BA2FA9FB24C529FA00BC23DF /* Release */ = {
			isa = XCBuildConfiguration;
			baseConfigurationReference = 4B08CEF8FEE18722D9A20930 /* Pods-FinalApp.release.xcconfig */;
			buildSettings = {
				ASSETCATALOG_COMPILER_APPICON_NAME = AppIcon;
				CODE_SIGN_STYLE = Automatic;
				DEVELOPMENT_TEAM = XNFGCQVLAN;
				INFOPLIST_FILE = FinalApp/Info.plist;
				LD_RUNPATH_SEARCH_PATHS = (
					"$(inherited)",
					"@executable_path/Frameworks",
				);
				PRODUCT_BUNDLE_IDENTIFIER = com.tps.FinalApp;
				PRODUCT_NAME = "$(TARGET_NAME)";
				SWIFT_VERSION = 5.0;
				TARGETED_DEVICE_FAMILY = "1,2";
			};
			name = Release;
		};
/* End XCBuildConfiguration section */

/* Begin XCConfigurationList section */
		BA2FA9E024C529F900BC23DF /* Build configuration list for PBXProject "FinalApp" */ = {
			isa = XCConfigurationList;
			buildConfigurations = (
				BA2FA9F724C529FA00BC23DF /* Debug */,
				BA2FA9F824C529FA00BC23DF /* Release */,
			);
			defaultConfigurationIsVisible = 0;
			defaultConfigurationName = Release;
		};
		BA2FA9F924C529FA00BC23DF /* Build configuration list for PBXNativeTarget "FinalApp" */ = {
			isa = XCConfigurationList;
			buildConfigurations = (
				BA2FA9FA24C529FA00BC23DF /* Debug */,
				BA2FA9FB24C529FA00BC23DF /* Release */,
			);
			defaultConfigurationIsVisible = 0;
			defaultConfigurationName = Release;
		};
/* End XCConfigurationList section */
	};
	rootObject = BA2FA9DD24C529F900BC23DF /* Project object */;
}
